// !$*UTF8*$!
{
	archiveVersion = 1;
	classes = {
	};
	objectVersion = 46;
	objects = {

/* Begin PBXBuildFile section */
		1C7A99BE1D7DE35E00CEC2A9 /* AppDelegate.swift in Sources */ = {isa = PBXBuildFile; fileRef = 1C7A99BD1D7DE35E00CEC2A9 /* AppDelegate.swift */; };
		1C7A99C31D7DE35E00CEC2A9 /* Main.storyboard in Resources */ = {isa = PBXBuildFile; fileRef = 1C7A99C11D7DE35E00CEC2A9 /* Main.storyboard */; };
		1C7A99C51D7DE35E00CEC2A9 /* Assets.xcassets in Resources */ = {isa = PBXBuildFile; fileRef = 1C7A99C41D7DE35E00CEC2A9 /* Assets.xcassets */; };
		1C7A99C81D7DE35E00CEC2A9 /* LaunchScreen.storyboard in Resources */ = {isa = PBXBuildFile; fileRef = 1C7A99C61D7DE35E00CEC2A9 /* LaunchScreen.storyboard */; };
		1C7A99D01D7DE4BC00CEC2A9 /* MailboxViewController.swift in Sources */ = {isa = PBXBuildFile; fileRef = 1C7A99CF1D7DE4BC00CEC2A9 /* MailboxViewController.swift */; };
/* End PBXBuildFile section */

/* Begin PBXFileReference section */
		1C7A99BA1D7DE35E00CEC2A9 /* Mailbox.app */ = {isa = PBXFileReference; explicitFileType = wrapper.application; includeInIndex = 0; path = Mailbox.app; sourceTree = BUILT_PRODUCTS_DIR; };
		1C7A99BD1D7DE35E00CEC2A9 /* AppDelegate.swift */ = {isa = PBXFileReference; lastKnownFileType = sourcecode.swift; path = AppDelegate.swift; sourceTree = "<group>"; };
		1C7A99C21D7DE35E00CEC2A9 /* Base */ = {isa = PBXFileReference; lastKnownFileType = file.storyboard; name = Base; path = Base.lproj/Main.storyboard; sourceTree = "<group>"; };
		1C7A99C41D7DE35E00CEC2A9 /* Assets.xcassets */ = {isa = PBXFileReference; lastKnownFileType = folder.assetcatalog; path = Assets.xcassets; sourceTree = "<group>"; };
		1C7A99C71D7DE35E00CEC2A9 /* Base */ = {isa = PBXFileReference; lastKnownFileType = file.storyboard; name = Base; path = Base.lproj/LaunchScreen.storyboard; sourceTree = "<group>"; };
		1C7A99C91D7DE35E00CEC2A9 /* Info.plist */ = {isa = PBXFileReference; lastKnownFileType = text.plist.xml; path = Info.plist; sourceTree = "<group>"; };
		1C7A99CF1D7DE4BC00CEC2A9 /* MailboxViewController.swift */ = {isa = PBXFileReference; fileEncoding = 4; lastKnownFileType = sourcecode.swift; path = MailboxViewController.swift; sourceTree = "<group>"; };
/* End PBXFileReference section */

/* Begin PBXFrameworksBuildPhase section */
		1C7A99B71D7DE35E00CEC2A9 /* Frameworks */ = {
			isa = PBXFrameworksBuildPhase;
			buildActionMask = 2147483647;
			files = (
			);
			runOnlyForDeploymentPostprocessing = 0;
		};
/* End PBXFrameworksBuildPhase section */

/* Begin PBXGroup section */
		1C7A99B11D7DE35E00CEC2A9 = {
			isa = PBXGroup;
			children = (
				1C7A99BC1D7DE35E00CEC2A9 /* Mailbox */,
				1C7A99BB1D7DE35E00CEC2A9 /* Products */,
			);
			sourceTree = "<group>";
		};
		1C7A99BB1D7DE35E00CEC2A9 /* Products */ = {
			isa = PBXGroup;
			children = (
				1C7A99BA1D7DE35E00CEC2A9 /* Mailbox.app */,
			);
			name = Products;
			sourceTree = "<group>";
		};
		1C7A99BC1D7DE35E00CEC2A9 /* Mailbox */ = {
			isa = PBXGroup;
			children = (
				1C7A99BD1D7DE35E00CEC2A9 /* AppDelegate.swift */,
				1C7A99C11D7DE35E00CEC2A9 /* Main.storyboard */,
				1C7A99CF1D7DE4BC00CEC2A9 /* MailboxViewController.swift */,
				1C7A99C41D7DE35E00CEC2A9 /* Assets.xcassets */,
				1C7A99C61D7DE35E00CEC2A9 /* LaunchScreen.storyboard */,
				1C7A99C91D7DE35E00CEC2A9 /* Info.plist */,
			);
			path = Mailbox;
			sourceTree = "<group>";
		};
/* End PBXGroup section */

/* Begin PBXNativeTarget section */
		1C7A99B91D7DE35E00CEC2A9 /* Mailbox */ = {
			isa = PBXNativeTarget;
			buildConfigurationList = 1C7A99CC1D7DE35E00CEC2A9 /* Build configuration list for PBXNativeTarget "Mailbox" */;
			buildPhases = (
				1C7A99B61D7DE35E00CEC2A9 /* Sources */,
				1C7A99B71D7DE35E00CEC2A9 /* Frameworks */,
				1C7A99B81D7DE35E00CEC2A9 /* Resources */,
			);
			buildRules = (
			);
			dependencies = (
			);
			name = Mailbox;
			productName = Mailbox;
			productReference = 1C7A99BA1D7DE35E00CEC2A9 /* Mailbox.app */;
			productType = "com.apple.product-type.application";
		};
/* End PBXNativeTarget section */

/* Begin PBXProject section */
		1C7A99B21D7DE35E00CEC2A9 /* Project object */ = {
			isa = PBXProject;
			attributes = {
				LastSwiftUpdateCheck = 0730;
				LastUpgradeCheck = 0730;
				ORGANIZATIONNAME = "Ngai, Sabrina";
				TargetAttributes = {
					1C7A99B91D7DE35E00CEC2A9 = {
						CreatedOnToolsVersion = 7.3.1;
					};
				};
			};
			buildConfigurationList = 1C7A99B51D7DE35E00CEC2A9 /* Build configuration list for PBXProject "Mailbox" */;
			compatibilityVersion = "Xcode 3.2";
			developmentRegion = English;
			hasScannedForEncodings = 0;
			knownRegions = (
				en,
				Base,
			);
			mainGroup = 1C7A99B11D7DE35E00CEC2A9;
			productRefGroup = 1C7A99BB1D7DE35E00CEC2A9 /* Products */;
			projectDirPath = "";
			projectRoot = "";
			targets = (
				1C7A99B91D7DE35E00CEC2A9 /* Mailbox */,
			);
		};
/* End PBXProject section */

/* Begin PBXResourcesBuildPhase section */
		1C7A99B81D7DE35E00CEC2A9 /* Resources */ = {
			isa = PBXResourcesBuildPhase;
			buildActionMask = 2147483647;
			files = (
				1C7A99C81D7DE35E00CEC2A9 /* LaunchScreen.storyboard in Resources */,
				1C7A99C51D7DE35E00CEC2A9 /* Assets.xcassets in Resources */,
				1C7A99C31D7DE35E00CEC2A9 /* Main.storyboard in Resources */,
			);
			runOnlyForDeploymentPostprocessing = 0;
		};
/* End PBXResourcesBuildPhase section */

/* Begin PBXSourcesBuildPhase section */
		1C7A99B61D7DE35E00CEC2A9 /* Sources */ = {
			isa = PBXSourcesBuildPhase;
			buildActionMask = 2147483647;
			files = (
				1C7A99BE1D7DE35E00CEC2A9 /* AppDelegate.swift in Sources */,
				1C7A99D01D7DE4BC00CEC2A9 /* MailboxViewController.swift in Sources */,
			);
			runOnlyForDeploymentPostprocessing = 0;
		};
/* End PBXSourcesBuildPhase section */

/* Begin PBXVariantGroup section */
		1C7A99C11D7DE35E00CEC2A9 /* Main.storyboard */ = {
			isa = PBXVariantGroup;
			children = (
				1C7A99C21D7DE35E00CEC2A9 /* Base */,
			);
			name = Main.storyboard;
			sourceTree = "<group>";
		};
		1C7A99C61D7DE35E00CEC2A9 /* LaunchScreen.storyboard */ = {
			isa = PBXVariantGroup;
			children = (
				1C7A99C71D7DE35E00CEC2A9 /* Base */,
			);
			name = LaunchScreen.storyboard;
			sourceTree = "<group>";
		};
/* End PBXVariantGroup section */

/* Begin XCBuildConfiguration section */
		1C7A99CA1D7DE35E00CEC2A9 /* Debug */ = {
			isa = XCBuildConfiguration;
			buildSettings = {
				ALWAYS_SEARCH_USER_PATHS = NO;
				CLANG_ANALYZER_NONNULL = YES;
				CLANG_CXX_LANGUAGE_STANDARD = "gnu++0x";
				CLANG_CXX_LIBRARY = "libc++";
				CLANG_ENABLE_MODULES = YES;
				CLANG_ENABLE_OBJC_ARC = YES;
				CLANG_WARN_BOOL_CONVERSION = YES;
				CLANG_WARN_CONSTANT_CONVERSION = YES;
				CLANG_WARN_DIRECT_OBJC_ISA_USAGE = YES_ERROR;
				CLANG_WARN_EMPTY_BODY = YES;
				CLANG_WARN_ENUM_CONVERSION = YES;
				CLANG_WARN_INT_CONVERSION = YES;
				CLANG_WARN_OBJC_ROOT_CLASS = YES_ERROR;
				CLANG_WARN_UNREACHABLE_CODE = YES;
				CLANG_WARN__DUPLICATE_METHOD_MATCH = YES;
				"CODE_SIGN_IDENTITY[sdk=iphoneos*]" = "iPhone Developer";
				COPY_PHASE_STRIP = NO;
				DEBUG_INFORMATION_FORMAT = dwarf;
				ENABLE_STRICT_OBJC_MSGSEND = YES;
				ENABLE_TESTABILITY = YES;
				GCC_C_LANGUAGE_STANDARD = gnu99;
				GCC_DYNAMIC_NO_PIC = NO;
				GCC_NO_COMMON_BLOCKS = YES;
				GCC_OPTIMIZATION_LEVEL = 0;
				GCC_PREPROCESSOR_DEFINITIONS = (
					"DEBUG=1",
					"$(inherited)",
				);
				GCC_WARN_64_TO_32_BIT_CONVERSION = YES;
				GCC_WARN_ABOUT_RETURN_TYPE = YES_ERROR;
				GCC_WARN_UNDECLARED_SELECTOR = YES;
				GCC_WARN_UNINITIALIZED_AUTOS = YES_AGGRESSIVE;
				GCC_WARN_UNUSED_FUNCTION = YES;
				GCC_WARN_UNUSED_VARIABLE = YES;
				IPHONEOS_DEPLOYMENT_TARGET = 9.3;
				MTL_ENABLE_DEBUG_INFO = YES;
				ONLY_ACTIVE_ARCH = YES;
				SDKROOT = iphoneos;
				SWIFT_OPTIMIZATION_LEVEL = "-Onone";
			};
			name = Debug;
		};
		1C7A99CB1D7DE35E00CEC2A9 /* Release */ = {
			isa = XCBuildConfiguration;
			buildSettings = {
				ALWAYS_SEARCH_USER_PATHS = NO;
				CLANG_ANALYZER_NONNULL = YES;
				CLANG_CXX_LANGUAGE_STANDARD = "gnu++0x";
				CLANG_CXX_LIBRARY = "libc++";
				CLANG_ENABLE_MODULES = YES;
				CLANG_ENABLE_OBJC_ARC = YES;
				CLANG_WARN_BOOL_CONVERSION = YES;
				CLANG_WARN_CONSTANT_CONVERSION = YES;
				CLANG_WARN_DIRECT_OBJC_ISA_USAGE = YES_ERROR;
				CLANG_WARN_EMPTY_BODY = YES;
				CLANG_WARN_ENUM_CONVERSION = YES;
				CLANG_WARN_INT_CONVERSION = YES;
				CLANG_WARN_OBJC_ROOT_CLASS = YES_ERROR;
				CLANG_WARN_UNREACHABLE_CODE = YES;
				CLANG_WARN__DUPLICATE_METHOD_MATCH = YES;
				"CODE_SIGN_IDENTITY[sdk=iphoneos*]" = "iPhone Developer";
				COPY_PHASE_STRIP = NO;
				DEBUG_INFORMATION_FORMAT = "dwarf-with-dsym";
				ENABLE_NS_ASSERTIONS = NO;
				ENABLE_STRICT_OBJC_MSGSEND = YES;
				GCC_C_LANGUAGE_STANDARD = gnu99;
				GCC_NO_COMMON_BLOCKS = YES;
				GCC_WARN_64_TO_32_BIT_CONVERSION = YES;
				GCC_WARN_ABOUT_RETURN_TYPE = YES_ERROR;
				GCC_WARN_UNDECLARED_SELECTOR = YES;
				GCC_WARN_UNINITIALIZED_AUTOS = YES_AGGRESSIVE;
				GCC_WARN_UNUSED_FUNCTION = YES;
				GCC_WARN_UNUSED_VARIABLE = YES;
				IPHONEOS_DEPLOYMENT_TARGET = 9.3;
				MTL_ENABLE_DEBUG_INFO = NO;
				SDKROOT = iphoneos;
				VALIDATE_PRODUCT = YES;
			};
			name = Release;
		};
		1C7A99CD1D7DE35E00CEC2A9 /* Debug */ = {
			isa = XCBuildConfiguration;
			buildSettings = {
				ASSETCATALOG_COMPILER_APPICON_NAME = AppIcon;
				INFOPLIST_FILE = Mailbox/Info.plist;
				LD_RUNPATH_SEARCH_PATHS = "$(inherited) @executable_path/Frameworks";
				PRODUCT_BUNDLE_IDENTIFIER = com.sabrina.Mailbox;
				PRODUCT_NAME = "$(TARGET_NAME)";
			};
			name = Debug;
		};
		1C7A99CE1D7DE35E00CEC2A9 /* Release */ = {
			isa = XCBuildConfiguration;
			buildSettings = {
				ASSETCATALOG_COMPILER_APPICON_NAME = AppIcon;
				INFOPLIST_FILE = Mailbox/Info.plist;
				LD_RUNPATH_SEARCH_PATHS = "$(inherited) @executable_path/Frameworks";
				PRODUCT_BUNDLE_IDENTIFIER = com.sabrina.Mailbox;
				PRODUCT_NAME = "$(TARGET_NAME)";
			};
			name = Release;
		};
/* End XCBuildConfiguration section */

/* Begin XCConfigurationList section */
		1C7A99B51D7DE35E00CEC2A9 /* Build configuration list for PBXProject "Mailbox" */ = {
			isa = XCConfigurationList;
			buildConfigurations = (
				1C7A99CA1D7DE35E00CEC2A9 /* Debug */,
				1C7A99CB1D7DE35E00CEC2A9 /* Release */,
			);
			defaultConfigurationIsVisible = 0;
			defaultConfigurationName = Release;
		};
		1C7A99CC1D7DE35E00CEC2A9 /* Build configuration list for PBXNativeTarget "Mailbox" */ = {
			isa = XCConfigurationList;
			buildConfigurations = (
				1C7A99CD1D7DE35E00CEC2A9 /* Debug */,
				1C7A99CE1D7DE35E00CEC2A9 /* Release */,
			);
			defaultConfigurationIsVisible = 0;
		};
/* End XCConfigurationList section */
	};
	rootObject = 1C7A99B21D7DE35E00CEC2A9 /* Project object */;
}
